
Microsoft Visual Studio Solution File, Format Version 12.00
# Visual Studio 15
VisualStudioVersion = 15.0.27428.2027
MinimumVisualStudioVersion = 10.0.40219.1
Project("{9A19103F-16F7-4668-BE54-9A1E7A4F7556}") = "Casm.Antlr", "Casm.Antlr\Casm.Antlr.csproj", "{CCEC23C5-1A9E-4741-94F0-72BF5477E476}"
EndProject
Project("{9A19103F-16F7-4668-BE54-9A1E7A4F7556}") = "Casm.Base.Tests", "Casm.Base.Tests\Casm.Base.Tests.csproj", "{985BEC13-C03C-4A88-8CA9-64C9124DD2D0}"
EndProject
Project("{9A19103F-16F7-4668-BE54-9A1E7A4F7556}") = "Casm.Emulator", "Casm.Emulator\Casm.Emulator.csproj", "{FD6CA086-16C5-421B-9F96-D8A62A27A5C6}"
EndProject
Project("{9A19103F-16F7-4668-BE54-9A1E7A4F7556}") = "Casm", "Casm\Casm.csproj", "{82E4B885-DFA4-4B1C-87AB-5BE1F5D7A432}"
EndProject
Project("{9A19103F-16F7-4668-BE54-9A1E7A4F7556}") = "Casm.Base", "Casm.Base\Casm.Base.csproj", "{DFE2AFD0-FD1F-4E2C-8E10-2A3227B205CF}"
EndProject
Global
	GlobalSection(SolutionConfigurationPlatforms) = preSolution
		Debug|Any CPU = Debug|Any CPU
		Release|Any CPU = Release|Any CPU
	EndGlobalSection
	GlobalSection(ProjectConfigurationPlatforms) = postSolution
		{CCEC23C5-1A9E-4741-94F0-72BF5477E476}.Debug|Any CPU.ActiveCfg = Debug|Any CPU
		{CCEC23C5-1A9E-4741-94F0-72BF5477E476}.Debug|Any CPU.Build.0 = Debug|Any CPU
		{CCEC23C5-1A9E-4741-94F0-72BF5477E476}.Release|Any CPU.ActiveCfg = Release|Any CPU
		{CCEC23C5-1A9E-4741-94F0-72BF5477E476}.Release|Any CPU.Build.0 = Release|Any CPU
		{985BEC13-C03C-4A88-8CA9-64C9124DD2D0}.Debug|Any CPU.ActiveCfg = Debug|Any CPU
		{985BEC13-C03C-4A88-8CA9-64C9124DD2D0}.Debug|Any CPU.Build.0 = Debug|Any CPU
		{985BEC13-C03C-4A88-8CA9-64C9124DD2D0}.Release|Any CPU.ActiveCfg = Release|Any CPU
		{985BEC13-C03C-4A88-8CA9-64C9124DD2D0}.Release|Any CPU.Build.0 = Release|Any CPU
		{FD6CA086-16C5-421B-9F96-D8A62A27A5C6}.Debug|Any CPU.ActiveCfg = Debug|Any CPU
		{FD6CA086-16C5-421B-9F96-D8A62A27A5C6}.Debug|Any CPU.Build.0 = Debug|Any CPU
		{FD6CA086-16C5-421B-9F96-D8A62A27A5C6}.Release|Any CPU.ActiveCfg = Release|Any CPU
		{FD6CA086-16C5-421B-9F96-D8A62A27A5C6}.Release|Any CPU.Build.0 = Release|Any CPU
		{82E4B885-DFA4-4B1C-87AB-5BE1F5D7A432}.Debug|Any CPU.ActiveCfg = Debug|Any CPU
		{82E4B885-DFA4-4B1C-87AB-5BE1F5D7A432}.Debug|Any CPU.Build.0 = Debug|Any CPU
		{82E4B885-DFA4-4B1C-87AB-5BE1F5D7A432}.Release|Any CPU.ActiveCfg = Release|Any CPU
		{82E4B885-DFA4-4B1C-87AB-5BE1F5D7A432}.Release|Any CPU.Build.0 = Release|Any CPU
		{DFE2AFD0-FD1F-4E2C-8E10-2A3227B205CF}.Debug|Any CPU.ActiveCfg = Debug|Any CPU
		{DFE2AFD0-FD1F-4E2C-8E10-2A3227B205CF}.Debug|Any CPU.Build.0 = Debug|Any CPU
		{DFE2AFD0-FD1F-4E2C-8E10-2A3227B205CF}.Release|Any CPU.ActiveCfg = Release|Any CPU
		{DFE2AFD0-FD1F-4E2C-8E10-2A3227B205CF}.Release|Any CPU.Build.0 = Release|Any CPU
	EndGlobalSection
	GlobalSection(SolutionProperties) = preSolution
		HideSolutionNode = FALSE
	EndGlobalSection
	GlobalSection(ExtensibilityGlobals) = postSolution
		SolutionGuid = {2B1789FF-A667-468A-9563-62EAA524AE29}
	EndGlobalSection
EndGlobal
